
Microsoft Visual Studio Solution File, Format Version 12.00
# Visual Studio Version 17
VisualStudioVersion = 17.3.32922.545
MinimumVisualStudioVersion = 10.0.40219.1
Project("{FAE04EC0-301F-11D3-BF4B-00C04F79EFBC}") = "MoodAnalyser", "MoodAnalyser.csproj", "{1CD250E2-E2F0-49EB-A60B-96A4BE795FE2}"
EndProject
Project("{FAE04EC0-301F-11D3-BF4B-00C04F79EFBC}") = "MoodAnalyserTest", "..\MoodAnalyserTest\MoodAnalyserTest.csproj", "{CEB78787-C7DB-4FF4-85BE-D26E2693D071}"
EndProject
Global
	GlobalSection(SolutionConfigurationPlatforms) = preSolution
		Debug|Any CPU = Debug|Any CPU
		Release|Any CPU = Release|Any CPU
	EndGlobalSection
	GlobalSection(ProjectConfigurationPlatforms) = postSolution
		{1CD250E2-E2F0-49EB-A60B-96A4BE795FE2}.Debug|Any CPU.ActiveCfg = Debug|Any CPU
		{1CD250E2-E2F0-49EB-A60B-96A4BE795FE2}.Debug|Any CPU.Build.0 = Debug|Any CPU
		{1CD250E2-E2F0-49EB-A60B-96A4BE795FE2}.Release|Any CPU.ActiveCfg = Release|Any CPU
		{1CD250E2-E2F0-49EB-A60B-96A4BE795FE2}.Release|Any CPU.Build.0 = Release|Any CPU
		{CEB78787-C7DB-4FF4-85BE-D26E2693D071}.Debug|Any CPU.ActiveCfg = Debug|Any CPU
		{CEB78787-C7DB-4FF4-85BE-D26E2693D071}.Debug|Any CPU.Build.0 = Debug|Any CPU
		{CEB78787-C7DB-4FF4-85BE-D26E2693D071}.Release|Any CPU.ActiveCfg = Release|Any CPU
		{CEB78787-C7DB-4FF4-85BE-D26E2693D071}.Release|Any CPU.Build.0 = Release|Any CPU
	EndGlobalSection
	GlobalSection(SolutionProperties) = preSolution
		HideSolutionNode = FALSE
	EndGlobalSection
	GlobalSection(ExtensibilityGlobals) = postSolution
		SolutionGuid = {8AD0D33F-35BB-4AF9-B294-51336704FCB9}
	EndGlobalSection
EndGlobal
